
Microsoft Visual Studio Solution File, Format Version 12.00
# Visual Studio Version 17
VisualStudioVersion = 17.7.34031.279
MinimumVisualStudioVersion = 10.0.40219.1
Project("{FAE04EC0-301F-11D3-BF4B-00C04F79EFBC}") = "swetHome", "swetHome.csproj", "{3A415CC7-6873-465D-91A7-50AFAB67DFC8}"
EndProject
Global
	GlobalSection(SolutionConfigurationPlatforms) = preSolution
		Debug|Any CPU = Debug|Any CPU
		Release|Any CPU = Release|Any CPU
	EndGlobalSection
	GlobalSection(ProjectConfigurationPlatforms) = postSolution
		{3A415CC7-6873-465D-91A7-50AFAB67DFC8}.Debug|Any CPU.ActiveCfg = Debug|Any CPU
		{3A415CC7-6873-465D-91A7-50AFAB67DFC8}.Debug|Any CPU.Build.0 = Debug|Any CPU
		{3A415CC7-6873-465D-91A7-50AFAB67DFC8}.Release|Any CPU.ActiveCfg = Release|Any CPU
		{3A415CC7-6873-465D-91A7-50AFAB67DFC8}.Release|Any CPU.Build.0 = Release|Any CPU
	EndGlobalSection
	GlobalSection(SolutionProperties) = preSolution
		HideSolutionNode = FALSE
	EndGlobalSection
	GlobalSection(ExtensibilityGlobals) = postSolution
		SolutionGuid = {7E13E6C9-88A8-4FFB-8E4E-CA88E5FDFC42}
	EndGlobalSection
EndGlobal
